
Microsoft Visual Studio Solution File, Format Version 12.00
# Visual Studio Version 16
VisualStudioVersion = 16.0.33214.272
MinimumVisualStudioVersion = 10.0.40219.1
Project("{FAE04EC0-301F-11D3-BF4B-00C04F79EFBC}") = "Producer", "Producer\Producer.csproj", "{75F67397-1E4C-421A-8881-5C3EC99423E7}"
EndProject
Project("{FAE04EC0-301F-11D3-BF4B-00C04F79EFBC}") = "Consumer", "Consumer\Consumer.csproj", "{DE72565F-2273-41F5-8B73-54C7EF59BBB4}"
EndProject
Project("{FAE04EC0-301F-11D3-BF4B-00C04F79EFBC}") = "Monitor", "Monitor\Monitor.csproj", "{B114A6ED-B2E3-4F8A-B1D0-FC9411E8E7F7}"
EndProject
Global
	GlobalSection(SolutionConfigurationPlatforms) = preSolution
		Debug|Any CPU = Debug|Any CPU
		Release|Any CPU = Release|Any CPU
	EndGlobalSection
	GlobalSection(ProjectConfigurationPlatforms) = postSolution
		{75F67397-1E4C-421A-8881-5C3EC99423E7}.Debug|Any CPU.ActiveCfg = Debug|Any CPU
		{75F67397-1E4C-421A-8881-5C3EC99423E7}.Debug|Any CPU.Build.0 = Debug|Any CPU
		{75F67397-1E4C-421A-8881-5C3EC99423E7}.Release|Any CPU.ActiveCfg = Release|Any CPU
		{75F67397-1E4C-421A-8881-5C3EC99423E7}.Release|Any CPU.Build.0 = Release|Any CPU
		{DE72565F-2273-41F5-8B73-54C7EF59BBB4}.Debug|Any CPU.ActiveCfg = Debug|Any CPU
		{DE72565F-2273-41F5-8B73-54C7EF59BBB4}.Debug|Any CPU.Build.0 = Debug|Any CPU
		{DE72565F-2273-41F5-8B73-54C7EF59BBB4}.Release|Any CPU.ActiveCfg = Release|Any CPU
		{DE72565F-2273-41F5-8B73-54C7EF59BBB4}.Release|Any CPU.Build.0 = Release|Any CPU
		{B114A6ED-B2E3-4F8A-B1D0-FC9411E8E7F7}.Debug|Any CPU.ActiveCfg = Debug|Any CPU
		{B114A6ED-B2E3-4F8A-B1D0-FC9411E8E7F7}.Debug|Any CPU.Build.0 = Debug|Any CPU
		{B114A6ED-B2E3-4F8A-B1D0-FC9411E8E7F7}.Release|Any CPU.ActiveCfg = Release|Any CPU
		{B114A6ED-B2E3-4F8A-B1D0-FC9411E8E7F7}.Release|Any CPU.Build.0 = Release|Any CPU
	EndGlobalSection
	GlobalSection(SolutionProperties) = preSolution
		HideSolutionNode = FALSE
	EndGlobalSection
	GlobalSection(ExtensibilityGlobals) = postSolution
		SolutionGuid = {6552CA1E-B72E-4EB9-B4BC-EE4D0FEA385E}
	EndGlobalSection
EndGlobal
